{
  "name": "nudge",
  "version": "1.0.0",
  "lockfileVersion": 3,
  "requires": true,
  "packages": {
    "": {
      "name": "nudge",
      "version": "1.0.0",
      "dependencies": {
        "chrono-node": "^2.7.5"
      },
      "bin": {
        "nudge": "bin/nudge.js"
      }
    },
    "node_modules/chrono-node": {
      "version": "2.9.1",
      "resolved": "https://registry.npmjs.org/chrono-node/-/chrono-node-2.9.1.tgz",
      "integrity": "sha512-nqP8Zp11efCYQIESXPxeDM8ikzN5BDb3Zzou+a66fZq+X2hzKFdsNLQE2/uBAh//BZEMbaMo1eTnagK7hOenAg==",
      "license": "MIT",
      "engines": {
        "node": "^12.20.0 || ^14.13.1 || >=16.0.0"
      }
    }
  }
}
